<?xml version="1.0" encoding="UTF-8" standalone="yes" ?>
<CodeBlocks_project_file>
	<FileVersion major="1" minor="6" />
	<Project>
		<Option title="matrixlab" />
		<Option pch_mode="2" />
		<Option compiler="gcc" />
		<Build>
			<Target title="Debug">
				<Option output="matrixlab" prefix_auto="1" extension_auto="1" />
				<Option working_dir="" />
				<Option object_output="obj/Debug/" />
				<Option type="2" />
				<Option compiler="gcc" />
				<Option createDefFile="1" />
				<Compiler>
					<Add option="-Wmain" />
					<Add option="-pedantic" />
					<Add option="-Wall" />
					<Add option="-g" />
					<Add option="-fopenmp" />
				</Compiler>
				<Linker>
					<Add option="-fopenmp" />
				</Linker>
			</Target>
			<Target title="Release">
				<Option output="matrixlab" prefix_auto="1" extension_auto="1" />
				<Option working_dir="" />
				<Option object_output="obj/Release/" />
				<Option type="2" />
				<Option compiler="gcc" />
				<Option createDefFile="1" />
				<Compiler>
					<Add option="-O3" />
					<Add option="-Wredundant-decls" />
					<Add option="-Wmissing-include-dirs" />
					<Add option="-Wmain" />
					<Add option="-pedantic" />
					<Add option="-Wextra" />
					<Add option="-Wall" />
					<Add option="-ansi" />
					<Add option="-fopenmp" />
				</Compiler>
				<Linker>
					<Add option="-s" />
					<Add option="-fopenmp" />
				</Linker>
			</Target>
		</Build>
		<Compiler>
			<Add option="-Wmain" />
			<Add option="-pedantic" />
			<Add option="-Wextra" />
			<Add option="-Wall" />
		</Compiler>
		<Unit filename="matabs.c">
			<Option compilerVar="CC" />
		</Unit>
		<Unit filename="matadd.c">
			<Option compilerVar="CC" />
		</Unit>
		<Unit filename="matconcat.c">
			<Option compilerVar="CC" />
		</Unit>
		<Unit filename="matconv.c">
			<Option compilerVar="CC" />
		</Unit>
		<Unit filename="matcreat.c">
			<Option compilerVar="CC" />
		</Unit>
		<Unit filename="matdatastruct.c">
			<Option compilerVar="CC" />
		</Unit>
		<Unit filename="matdet.c">
			<Option compilerVar="CC" />
		</Unit>
		<Unit filename="matdiv.c">
			<Option compilerVar="CC" />
		</Unit>
		<Unit filename="matdump.c">
			<Option compilerVar="CC" />
		</Unit>
		<Unit filename="matdurbn.c">
			<Option compilerVar="CC" />
		</Unit>
		<Unit filename="materr.c">
			<Option compilerVar="CC" />
		</Unit>
		<Unit filename="matfft.c">
			<Option compilerVar="CC" />
		</Unit>
		<Unit filename="matfilter.c">
			<Option compilerVar="CC" />
		</Unit>
		<Unit filename="matfit.c">
			<Option compilerVar="CC" />
		</Unit>
		<Unit filename="matflip.c">
			<Option compilerVar="CC" />
		</Unit>
		<Unit filename="matfuncs.c">
			<Option compilerVar="CC" />
		</Unit>
		<Unit filename="matgraph.c">
			<Option compilerVar="CC" />
		</Unit>
		<Unit filename="matinnerprod.c">
			<Option compilerVar="CC" />
		</Unit>
		<Unit filename="matintegrate.c">
			<Option compilerVar="CC" />
		</Unit>
		<Unit filename="matinv.c">
			<Option compilerVar="CC" />
		</Unit>
		<Unit filename="matmaxmin.c">
			<Option compilerVar="CC" />
		</Unit>
		<Unit filename="matmds.c">
			<Option compilerVar="CC" />
		</Unit>
		<Unit filename="matmean.c">
			<Option compilerVar="CC" />
		</Unit>
		<Unit filename="matmisc.c">
			<Option compilerVar="CC" />
		</Unit>
		<Unit filename="matmul.c">
			<Option compilerVar="CC" />
		</Unit>
		<Unit filename="matpca.c">
			<Option compilerVar="CC" />
		</Unit>
		<Unit filename="matpinv.c">
			<Option compilerVar="CC" />
		</Unit>
		<Unit filename="matpoly.c">
			<Option compilerVar="CC" />
		</Unit>
		<Unit filename="matprec.c">
			<Option compilerVar="CC" />
		</Unit>
		<Unit filename="matrand.c">
			<Option compilerVar="CC" />
		</Unit>
		<Unit filename="matrix.h" />
		<Unit filename="matsearch.c">
			<Option compilerVar="CC" />
		</Unit>
		<Unit filename="matsolve.c">
			<Option compilerVar="CC" />
		</Unit>
		<Unit filename="matsort.c">
			<Option compilerVar="CC" />
		</Unit>
		<Unit filename="matstdrels.c">
			<Option compilerVar="CC" />
		</Unit>
		<Unit filename="matsub.c">
			<Option compilerVar="CC" />
		</Unit>
		<Unit filename="matsubx.c">
			<Option compilerVar="CC" />
		</Unit>
		<Unit filename="matsum.c">
			<Option compilerVar="CC" />
		</Unit>
		<Unit filename="matsvd.c">
			<Option compilerVar="CC" />
		</Unit>
		<Unit filename="mattext.c">
			<Option compilerVar="CC" />
		</Unit>
		<Unit filename="mattimers.c">
			<Option compilerVar="CC" />
		</Unit>
		<Unit filename="mattoepz.c">
			<Option compilerVar="CC" />
		</Unit>
		<Unit filename="mattran.c">
			<Option compilerVar="CC" />
		</Unit>
		<Extensions>
			<code_completion />
			<debugger />
			<envvars />
			<DoxyBlocks>
				<comment_style block="0" line="0" />
				<doxyfile_project />
				<doxyfile_build />
				<doxyfile_warnings />
				<doxyfile_output html_help="1" />
				<doxyfile_dot />
				<general />
			</DoxyBlocks>
		</Extensions>
	</Project>
</CodeBlocks_project_file>
